
Microsoft Visual Studio Solution File, Format Version 12.00
# Visual Studio 2012
Project("{FAE04EC0-301F-11D3-BF4B-00C04F79EFBC}") = "Estacionamiento", "Estacionamiento\Estacionamiento.csproj", "{B570D54D-5828-4FF6-94EF-361EC42E202D}"
EndProject
Project("{FAE04EC0-301F-11D3-BF4B-00C04F79EFBC}") = "PracticaParcial", "PracticaParcial\PracticaParcial.csproj", "{B4D5DF6F-08C3-4598-B202-6089E9DCAFD9}"
EndProject
Global
	GlobalSection(SolutionConfigurationPlatforms) = preSolution
		Debug|Any CPU = Debug|Any CPU
		Release|Any CPU = Release|Any CPU
	EndGlobalSection
	GlobalSection(ProjectConfigurationPlatforms) = postSolution
		{B570D54D-5828-4FF6-94EF-361EC42E202D}.Debug|Any CPU.ActiveCfg = Debug|Any CPU
		{B570D54D-5828-4FF6-94EF-361EC42E202D}.Debug|Any CPU.Build.0 = Debug|Any CPU
		{B570D54D-5828-4FF6-94EF-361EC42E202D}.Release|Any CPU.ActiveCfg = Release|Any CPU
		{B570D54D-5828-4FF6-94EF-361EC42E202D}.Release|Any CPU.Build.0 = Release|Any CPU
		{B4D5DF6F-08C3-4598-B202-6089E9DCAFD9}.Debug|Any CPU.ActiveCfg = Debug|Any CPU
		{B4D5DF6F-08C3-4598-B202-6089E9DCAFD9}.Debug|Any CPU.Build.0 = Debug|Any CPU
		{B4D5DF6F-08C3-4598-B202-6089E9DCAFD9}.Release|Any CPU.ActiveCfg = Release|Any CPU
		{B4D5DF6F-08C3-4598-B202-6089E9DCAFD9}.Release|Any CPU.Build.0 = Release|Any CPU
	EndGlobalSection
	GlobalSection(SolutionProperties) = preSolution
		HideSolutionNode = FALSE
	EndGlobalSection
EndGlobal
